dependencies:
- name: postgresql
  repository: oci://registry-1.docker.io/bitnamicharts
  version: 16.7.10
- name: redis
  repository: oci://registry-1.docker.io/cloudpirates
  version: 0.34.26
digest: sha256:c79fce0248e20fcc338e7074255fe69de45bc5d6ed9e5f769b9df887cb5ef98d
generated: "2026-09-02T21:45:12.808540872Z"
