dependencies:
- name: postgresql
  repository: oci://registry-1.docker.io/bitnamicharts
  version: 18.12.4
- name: redis
  repository: oci://registry-1.docker.io/cloudpirates
  version: 0.27.6
digest: sha256:c7a5cdfa2a6ab253da9fbb84baa0e1172bbd22aee02817d427a337c2aeaa69d5
generated: "2026-10-05T15:50:14.188845055Z"
