dependencies:
- name: postgresql
  repository: oci://registry-1.docker.io/bitnamicharts
  version: 18.11.1
- name: redis
  repository: oci://registry-1.docker.io/cloudpirates
  version: 0.27.6
digest: sha256:0edeea1178b74ea49501ec850e14a327c1d069405270519f54419a28475fcae0
generated: "2026-09-11T06:45:27.426364178Z"
